github.com/davecgh/go-spew v1.1.1/go.mod h1:J7Y8YcW2NihsgmVo/mv3lAwl/skON4iLHjSsI+c5H38=
github.com/emicklei/proto v1.6.5 h1:HiOjyLb7plgNx11OAafETxIKZpHynl+wRSob6QRc9QA=
github.com/emicklei/proto v1.6.5/go.mod h1:Dqn751twH9SasYqvA59Lb9Hz+itoJgmMoivX6k7OPZc=
github.com/pmezard/go-difflib v1.0.0/go.mod h1:iKH77koFhYxTK1pcRnkKkqfTogsbg7gZNVY4sRDYZ/4=
github.com/stretchr/testify v1.2.2/go.mod h1:a8OnRcib4nhh0OaRAV+Yts87kKdq0PP7pXfy6kDkUVs=
